
Microsoft Visual Studio Solution File, Format Version 12.00
# Visual Studio Version 16
VisualStudioVersion = 16.0.29613.14
MinimumVisualStudioVersion = 10.0.40219.1
Project("{FAE04EC0-301F-11D3-BF4B-00C04F79EFBC}") = "MyFirstAPI", "MyFirstAPI.csproj", "{B606BB92-EEA4-4620-8F2C-41C66D34F8AF}"
EndProject
Global
	GlobalSection(SolutionConfigurationPlatforms) = preSolution
		Debug|Any CPU = Debug|Any CPU
		Release|Any CPU = Release|Any CPU
	EndGlobalSection
	GlobalSection(ProjectConfigurationPlatforms) = postSolution
		{B606BB92-EEA4-4620-8F2C-41C66D34F8AF}.Debug|Any CPU.ActiveCfg = Debug|Any CPU
		{B606BB92-EEA4-4620-8F2C-41C66D34F8AF}.Debug|Any CPU.Build.0 = Debug|Any CPU
		{B606BB92-EEA4-4620-8F2C-41C66D34F8AF}.Release|Any CPU.ActiveCfg = Release|Any CPU
		{B606BB92-EEA4-4620-8F2C-41C66D34F8AF}.Release|Any CPU.Build.0 = Release|Any CPU
	EndGlobalSection
	GlobalSection(SolutionProperties) = preSolution
		HideSolutionNode = FALSE
	EndGlobalSection
	GlobalSection(ExtensibilityGlobals) = postSolution
		SolutionGuid = {84054590-DC32-48CA-93EB-DB3C14B5159E}
	EndGlobalSection
EndGlobal
