
Microsoft Visual Studio Solution File, Format Version 12.00
# Visual Studio Version 16
VisualStudioVersion = 16.0.29613.14
MinimumVisualStudioVersion = 10.0.40219.1
Project("{9A19103F-16F7-4668-BE54-9A1E7A4F7556}") = "ItemService", "ItemService\ItemService.csproj", "{97F05E05-12A5-44D7-93ED-6D4088B1DBC8}"
EndProject
Project("{FAE04EC0-301F-11D3-BF4B-00C04F79EFBC}") = "OrderServices", "OrderServices\OrderServices.csproj", "{4AD2FA1C-9566-4572-805F-6A6AEC8DC988}"
EndProject
Project("{FAE04EC0-301F-11D3-BF4B-00C04F79EFBC}") = "Gateway", "Gateway\Gateway.csproj", "{D45795DC-7EB6-4099-9CE1-B1BD6BF80A2B}"
EndProject
Global
	GlobalSection(SolutionConfigurationPlatforms) = preSolution
		Debug|Any CPU = Debug|Any CPU
		Release|Any CPU = Release|Any CPU
	EndGlobalSection
	GlobalSection(ProjectConfigurationPlatforms) = postSolution
		{97F05E05-12A5-44D7-93ED-6D4088B1DBC8}.Debug|Any CPU.ActiveCfg = Debug|Any CPU
		{97F05E05-12A5-44D7-93ED-6D4088B1DBC8}.Debug|Any CPU.Build.0 = Debug|Any CPU
		{97F05E05-12A5-44D7-93ED-6D4088B1DBC8}.Release|Any CPU.ActiveCfg = Release|Any CPU
		{97F05E05-12A5-44D7-93ED-6D4088B1DBC8}.Release|Any CPU.Build.0 = Release|Any CPU
		{4AD2FA1C-9566-4572-805F-6A6AEC8DC988}.Debug|Any CPU.ActiveCfg = Debug|Any CPU
		{4AD2FA1C-9566-4572-805F-6A6AEC8DC988}.Debug|Any CPU.Build.0 = Debug|Any CPU
		{4AD2FA1C-9566-4572-805F-6A6AEC8DC988}.Release|Any CPU.ActiveCfg = Release|Any CPU
		{4AD2FA1C-9566-4572-805F-6A6AEC8DC988}.Release|Any CPU.Build.0 = Release|Any CPU
		{D45795DC-7EB6-4099-9CE1-B1BD6BF80A2B}.Debug|Any CPU.ActiveCfg = Debug|Any CPU
		{D45795DC-7EB6-4099-9CE1-B1BD6BF80A2B}.Debug|Any CPU.Build.0 = Debug|Any CPU
		{D45795DC-7EB6-4099-9CE1-B1BD6BF80A2B}.Release|Any CPU.ActiveCfg = Release|Any CPU
		{D45795DC-7EB6-4099-9CE1-B1BD6BF80A2B}.Release|Any CPU.Build.0 = Release|Any CPU
	EndGlobalSection
	GlobalSection(SolutionProperties) = preSolution
		HideSolutionNode = FALSE
	EndGlobalSection
	GlobalSection(ExtensibilityGlobals) = postSolution
		SolutionGuid = {F59417A5-12A2-4878-A89A-36B736EFAF03}
	EndGlobalSection
EndGlobal
